
Microsoft Visual Studio Solution File, Format Version 12.00
# Visual Studio Version 16
VisualStudioVersion = 16.0.29230.47
MinimumVisualStudioVersion = 10.0.40219.1
Project("{FAE04EC0-301F-11D3-BF4B-00C04F79EFBC}") = "9", "9\9.csproj", "{DD6B6927-F8F9-44B4-92BF-CC744321661E}"
EndProject
Global
	GlobalSection(SolutionConfigurationPlatforms) = preSolution
		Debug|Any CPU = Debug|Any CPU
		Release|Any CPU = Release|Any CPU
	EndGlobalSection
	GlobalSection(ProjectConfigurationPlatforms) = postSolution
		{DD6B6927-F8F9-44B4-92BF-CC744321661E}.Debug|Any CPU.ActiveCfg = Debug|Any CPU
		{DD6B6927-F8F9-44B4-92BF-CC744321661E}.Debug|Any CPU.Build.0 = Debug|Any CPU
		{DD6B6927-F8F9-44B4-92BF-CC744321661E}.Release|Any CPU.ActiveCfg = Release|Any CPU
		{DD6B6927-F8F9-44B4-92BF-CC744321661E}.Release|Any CPU.Build.0 = Release|Any CPU
	EndGlobalSection
	GlobalSection(SolutionProperties) = preSolution
		HideSolutionNode = FALSE
	EndGlobalSection
	GlobalSection(ExtensibilityGlobals) = postSolution
		SolutionGuid = {8E19A53E-FDB5-40C3-B837-4A45E1D417C6}
	EndGlobalSection
EndGlobal
